{
  "lockfile_version": "1",
  "packages": {
    "elixir_1_15@latest": {
      "last_modified": "2023-07-23T03:35:12Z",
      "resolved": "github:NixOS/nixpkgs/af8cd5ded7735ca1df1a1174864daab75feeb64a#elixir_1_15",
      "version": "1.15.4"
    },
    "google-chrome@latest": {
      "last_modified": "2023-08-08T03:07:33Z",
      "resolved": "github:NixOS/nixpkgs/844ffa82bbe2a2779c86ab3a72ff1b4176cec467#google-chrome",
      "version": "115.0.5790.170"
    },
    "nodejs@18.16.1": {
      "last_modified": "2023-06-29T16:20:38Z",
      "resolved": "github:NixOS/nixpkgs/3c614fbc76fc152f3e1bc4b2263da6d90adf80fb#nodejs_18",
      "version": "18.16.1"
    }
  }
}