%{
  "earmark_parser": {:hex, :earmark_parser, "1.4.39", "424642f8335b05bb9eb611aa1564c148a8ee35c9c8a8bba6e129d51a3e3c6769", [:mix], [], "hexpm", "06553a88d1f1846da9ef066b87b57c6f605552cfbe40d20bd8d59cc6bde41944"},
  "easyhtml": {:hex, :easyhtml, "0.3.0", "80e729ab4bfa7572fda74d05d7e8fb6b2e01b9d828a44e75e563d0e1a258eca7", [:mix], [{:floki, "~> 0.30", [hex: :floki, repo: "hexpm", optional: false]}], "hexpm", "9929ef5c0e85812f1d6ce66587597fe81a825ae9653bb851e942ceff45123afe"},
  "floki": {:hex, :floki, "0.35.2", "87f8c75ed8654b9635b311774308b2760b47e9a579dabf2e4d5f1e1d42c39e0b", [:mix], [], "hexpm", "6b05289a8e9eac475f644f09c2e4ba7e19201fd002b89c28c1293e7bd16773d9"},
  "hex_core": {:hex, :hex_core, "0.10.0", "6e739a159b0141fa6c3c60c92b73aa6dec5b7909647a9b9ecea9da6709b75709", [:rebar3], [], "hexpm", "1c229aeb2df3a7ffc0c00fa4fc1721995058b2c617f083cf617e29258b1d9f57"},
  "jason": {:hex, :jason, "1.4.1", "af1504e35f629ddcdd6addb3513c3853991f694921b1b9368b0bd32beb9f1b63", [:mix], [{:decimal, "~> 1.0 or ~> 2.0", [hex: :decimal, repo: "hexpm", optional: true]}], "hexpm", "fbb01ecdfd565b56261302f7e1fcc27c4fb8f32d56eab74db621fc154604a7a1"},
  "makeup": {:hex, :makeup, "1.1.1", "fa0bc768698053b2b3869fa8a62616501ff9d11a562f3ce39580d60860c3a55e", [:mix], [{:nimble_parsec, "~> 1.2.2 or ~> 1.3", [hex: :nimble_parsec, repo: "hexpm", optional: false]}], "hexpm", "5dc62fbdd0de44de194898b6710692490be74baa02d9d108bc29f007783b0b48"},
  "makeup_c": {:hex, :makeup_c, "0.1.1", "14250b1a69770b1892f4113129417a2df098e2a72b9e1477aa9096e9e6c473a6", [:mix], [{:makeup, "~> 1.0", [hex: :makeup, repo: "hexpm", optional: false]}], "hexpm", "89e9cf45372822d354c19a7e18d77f84cfd70e2d206ac987eb15a1b8357f2869"},
  "makeup_elixir": {:hex, :makeup_elixir, "0.16.1", "cc9e3ca312f1cfeccc572b37a09980287e243648108384b97ff2b76e505c3555", [:mix], [{:makeup, "~> 1.0", [hex: :makeup, repo: "hexpm", optional: false]}, {:nimble_parsec, "~> 1.2.3 or ~> 1.3", [hex: :nimble_parsec, repo: "hexpm", optional: false]}], "hexpm", "e127a341ad1b209bd80f7bd1620a15693a9908ed780c3b763bccf7d200c767c6"},
  "makeup_erlang": {:hex, :makeup_erlang, "0.1.3", "d684f4bac8690e70b06eb52dad65d26de2eefa44cd19d64a8095e1417df7c8fd", [:mix], [{:makeup, "~> 1.0", [hex: :makeup, repo: "hexpm", optional: false]}], "hexpm", "b78dc853d2e670ff6390b605d807263bf606da3c82be37f9d7f68635bd886fc9"},
  "makeup_html": {:hex, :makeup_html, "0.1.1", "c3d4abd39d5f7e925faca72ada6e9cc5c6f5fa7cd5bc0158315832656cf14d7f", [:mix], [{:makeup, "~> 1.0", [hex: :makeup, repo: "hexpm", optional: false]}], "hexpm", "44f2a61bc5243645dd7fafeaa6cc28793cd22f3c76b861e066168f9a5b2c26a4"},
  "nimble_parsec": {:hex, :nimble_parsec, "1.4.0", "51f9b613ea62cfa97b25ccc2c1b4216e81df970acd8e16e8d1bdc58fef21370d", [:mix], [], "hexpm", "9c565862810fb383e9838c1dd2d7d2c437b3d13b267414ba6af33e50d2d1cf28"},
}
